// !$*UTF8*$!
{
	archiveVersion = 1;
	classes = {
	};
	objectVersion = 55;
	objects = {

/* Begin PBXBuildFile section */
		18AFBA1B28EA90B8006F9E02 /* YZBoxApp.swift in Sources */ = {isa = PBXBuildFile; fileRef = 18AFBA1A28EA90B8006F9E02 /* YZBoxApp.swift */; };
		18AFBA1D28EA90B8006F9E02 /* ContentView.swift in Sources */ = {isa = PBXBuildFile; fileRef = 18AFBA1C28EA90B8006F9E02 /* ContentView.swift */; };
		18AFBA1F28EA90BB006F9E02 /* Assets.xcassets in Resources */ = {isa = PBXBuildFile; fileRef = 18AFBA1E28EA90BB006F9E02 /* Assets.xcassets */; };
		18AFBA2228EA90BB006F9E02 /* Preview Assets.xcassets in Resources */ = {isa = PBXBuildFile; fileRef = 18AFBA2128EA90BB006F9E02 /* Preview Assets.xcassets */; };
		18AFBA2428EA90BB006F9E02 /* Persistence.swift in Sources */ = {isa = PBXBuildFile; fileRef = 18AFBA2328EA90BB006F9E02 /* Persistence.swift */; };
		18AFBA2728EA90BB006F9E02 /* YZBox.xcdatamodeld in Sources */ = {isa = PBXBuildFile; fileRef = 18AFBA2528EA90BB006F9E02 /* YZBox.xcdatamodeld */; };
		18AFBA3328EAC421006F9E02 /* SignInView.swift in Sources */ = {isa = PBXBuildFile; fileRef = 18AFBA3228EAC421006F9E02 /* SignInView.swift */; };
		18AFBA3528EAC889006F9E02 /* HomeView.swift in Sources */ = {isa = PBXBuildFile; fileRef = 18AFBA3428EAC889006F9E02 /* HomeView.swift */; };
		18AFBA3728EACB57006F9E02 /* LogoutView.swift in Sources */ = {isa = PBXBuildFile; fileRef = 18AFBA3628EACB57006F9E02 /* LogoutView.swift */; };
		18AFBA3928EACD41006F9E02 /* UpdateNicknameView.swift in Sources */ = {isa = PBXBuildFile; fileRef = 18AFBA3828EACD41006F9E02 /* UpdateNicknameView.swift */; };
		18AFBA3B28ED8950006F9E02 /* User.swift in Sources */ = {isa = PBXBuildFile; fileRef = 18AFBA3A28ED8950006F9E02 /* User.swift */; };
/* End PBXBuildFile section */

/* Begin PBXFileReference section */
		18AFBA1728EA90B8006F9E02 /* YZBox.app */ = {isa = PBXFileReference; explicitFileType = wrapper.application; includeInIndex = 0; path = YZBox.app; sourceTree = BUILT_PRODUCTS_DIR; };
		18AFBA1A28EA90B8006F9E02 /* YZBoxApp.swift */ = {isa = PBXFileReference; lastKnownFileType = sourcecode.swift; path = YZBoxApp.swift; sourceTree = "<group>"; };
		18AFBA1C28EA90B8006F9E02 /* ContentView.swift */ = {isa = PBXFileReference; lastKnownFileType = sourcecode.swift; path = ContentView.swift; sourceTree = "<group>"; };
		18AFBA1E28EA90BB006F9E02 /* Assets.xcassets */ = {isa = PBXFileReference; lastKnownFileType = folder.assetcatalog; path = Assets.xcassets; sourceTree = "<group>"; };
		18AFBA2128EA90BB006F9E02 /* Preview Assets.xcassets */ = {isa = PBXFileReference; lastKnownFileType = folder.assetcatalog; path = "Preview Assets.xcassets"; sourceTree = "<group>"; };
		18AFBA2328EA90BB006F9E02 /* Persistence.swift */ = {isa = PBXFileReference; lastKnownFileType = sourcecode.swift; path = Persistence.swift; sourceTree = "<group>"; };
		18AFBA2628EA90BB006F9E02 /* YZBox.xcdatamodel */ = {isa = PBXFileReference; lastKnownFileType = wrapper.xcdatamodel; path = YZBox.xcdatamodel; sourceTree = "<group>"; };
		18AFBA3128EA921D006F9E02 /* YZBox.entitlements */ = {isa = PBXFileReference; lastKnownFileType = text.plist.entitlements; path = YZBox.entitlements; sourceTree = "<group>"; };
		18AFBA3228EAC421006F9E02 /* SignInView.swift */ = {isa = PBXFileReference; lastKnownFileType = sourcecode.swift; path = SignInView.swift; sourceTree = "<group>"; };
		18AFBA3428EAC889006F9E02 /* HomeView.swift */ = {isa = PBXFileReference; lastKnownFileType = sourcecode.swift; path = HomeView.swift; sourceTree = "<group>"; };
		18AFBA3628EACB57006F9E02 /* LogoutView.swift */ = {isa = PBXFileReference; lastKnownFileType = sourcecode.swift; path = LogoutView.swift; sourceTree = "<group>"; };
		18AFBA3828EACD41006F9E02 /* UpdateNicknameView.swift */ = {isa = PBXFileReference; lastKnownFileType = sourcecode.swift; path = UpdateNicknameView.swift; sourceTree = "<group>"; };
		18AFBA3A28ED8950006F9E02 /* User.swift */ = {isa = PBXFileReference; lastKnownFileType = sourcecode.swift; path = User.swift; sourceTree = "<group>"; };
/* End PBXFileReference section */

/* Begin PBXFrameworksBuildPhase section */
		18AFBA1428EA90B8006F9E02 /* Frameworks */ = {
			isa = PBXFrameworksBuildPhase;
			buildActionMask = 2147483647;
			files = (
			);
			runOnlyForDeploymentPostprocessing = 0;
		};
/* End PBXFrameworksBuildPhase section */

/* Begin PBXGroup section */
		18AFBA0E28EA90B8006F9E02 = {
			isa = PBXGroup;
			children = (
				18AFBA1928EA90B8006F9E02 /* YZBox */,
				18AFBA1828EA90B8006F9E02 /* Products */,
			);
			sourceTree = "<group>";
		};
		18AFBA1828EA90B8006F9E02 /* Products */ = {
			isa = PBXGroup;
			children = (
				18AFBA1728EA90B8006F9E02 /* YZBox.app */,
			);
			name = Products;
			sourceTree = "<group>";
		};
		18AFBA1928EA90B8006F9E02 /* YZBox */ = {
			isa = PBXGroup;
			children = (
				18AFBA3128EA921D006F9E02 /* YZBox.entitlements */,
				18AFBA3028EA90D9006F9E02 /* Utilities */,
				18AFBA2F28EA90D1006F9E02 /* ViewModel */,
				18AFBA2E28EA90CA006F9E02 /* View */,
				18AFBA2D28EA90C4006F9E02 /* Model */,
				18AFBA1A28EA90B8006F9E02 /* YZBoxApp.swift */,
				18AFBA1C28EA90B8006F9E02 /* ContentView.swift */,
				18AFBA1E28EA90BB006F9E02 /* Assets.xcassets */,
				18AFBA2328EA90BB006F9E02 /* Persistence.swift */,
				18AFBA2528EA90BB006F9E02 /* YZBox.xcdatamodeld */,
				18AFBA2028EA90BB006F9E02 /* Preview Content */,
			);
			path = YZBox;
			sourceTree = "<group>";
		};
		18AFBA2028EA90BB006F9E02 /* Preview Content */ = {
			isa = PBXGroup;
			children = (
				18AFBA2128EA90BB006F9E02 /* Preview Assets.xcassets */,
			);
			path = "Preview Content";
			sourceTree = "<group>";
		};
		18AFBA2D28EA90C4006F9E02 /* Model */ = {
			isa = PBXGroup;
			children = (
				18AFBA3A28ED8950006F9E02 /* User.swift */,
			);
			path = Model;
			sourceTree = "<group>";
		};
		18AFBA2E28EA90CA006F9E02 /* View */ = {
			isa = PBXGroup;
			children = (
				18AFBA3228EAC421006F9E02 /* SignInView.swift */,
				18AFBA3428EAC889006F9E02 /* HomeView.swift */,
				18AFBA3628EACB57006F9E02 /* LogoutView.swift */,
				18AFBA3828EACD41006F9E02 /* UpdateNicknameView.swift */,
			);
			path = View;
			sourceTree = "<group>";
		};
		18AFBA2F28EA90D1006F9E02 /* ViewModel */ = {
			isa = PBXGroup;
			children = (
			);
			path = ViewModel;
			sourceTree = "<group>";
		};
		18AFBA3028EA90D9006F9E02 /* Utilities */ = {
			isa = PBXGroup;
			children = (
			);
			path = Utilities;
			sourceTree = "<group>";
		};
/* End PBXGroup section */

/* Begin PBXNativeTarget section */
		18AFBA1628EA90B8006F9E02 /* YZBox */ = {
			isa = PBXNativeTarget;
			buildConfigurationList = 18AFBA2A28EA90BB006F9E02 /* Build configuration list for PBXNativeTarget "YZBox" */;
			buildPhases = (
				18AFBA1328EA90B8006F9E02 /* Sources */,
				18AFBA1428EA90B8006F9E02 /* Frameworks */,
				18AFBA1528EA90B8006F9E02 /* Resources */,
			);
			buildRules = (
			);
			dependencies = (
			);
			name = YZBox;
			productName = YZBox;
			productReference = 18AFBA1728EA90B8006F9E02 /* YZBox.app */;
			productType = "com.apple.product-type.application";
		};
/* End PBXNativeTarget section */

/* Begin PBXProject section */
		18AFBA0F28EA90B8006F9E02 /* Project object */ = {
			isa = PBXProject;
			attributes = {
				BuildIndependentTargetsInParallel = 1;
				LastSwiftUpdateCheck = 1340;
				LastUpgradeCheck = 1340;
				TargetAttributes = {
					18AFBA1628EA90B8006F9E02 = {
						CreatedOnToolsVersion = 13.4.1;
					};
				};
			};
			buildConfigurationList = 18AFBA1228EA90B8006F9E02 /* Build configuration list for PBXProject "YZBox" */;
			compatibilityVersion = "Xcode 13.0";
			developmentRegion = en;
			hasScannedForEncodings = 0;
			knownRegions = (
				en,
				Base,
			);
			mainGroup = 18AFBA0E28EA90B8006F9E02;
			productRefGroup = 18AFBA1828EA90B8006F9E02 /* Products */;
			projectDirPath = "";
			projectRoot = "";
			targets = (
				18AFBA1628EA90B8006F9E02 /* YZBox */,
			);
		};
/* End PBXProject section */

/* Begin PBXResourcesBuildPhase section */
		18AFBA1528EA90B8006F9E02 /* Resources */ = {
			isa = PBXResourcesBuildPhase;
			buildActionMask = 2147483647;
			files = (
				18AFBA2228EA90BB006F9E02 /* Preview Assets.xcassets in Resources */,
				18AFBA1F28EA90BB006F9E02 /* Assets.xcassets in Resources */,
			);
			runOnlyForDeploymentPostprocessing = 0;
		};
/* End PBXResourcesBuildPhase section */

/* Begin PBXSourcesBuildPhase section */
		18AFBA1328EA90B8006F9E02 /* Sources */ = {
			isa = PBXSourcesBuildPhase;
			buildActionMask = 2147483647;
			files = (
				18AFBA2428EA90BB006F9E02 /* Persistence.swift in Sources */,
				18AFBA1D28EA90B8006F9E02 /* ContentView.swift in Sources */,
				18AFBA2728EA90BB006F9E02 /* YZBox.xcdatamodeld in Sources */,
				18AFBA3528EAC889006F9E02 /* HomeView.swift in Sources */,
				18AFBA1B28EA90B8006F9E02 /* YZBoxApp.swift in Sources */,
				18AFBA3B28ED8950006F9E02 /* User.swift in Sources */,
				18AFBA3728EACB57006F9E02 /* LogoutView.swift in Sources */,
				18AFBA3328EAC421006F9E02 /* SignInView.swift in Sources */,
				18AFBA3928EACD41006F9E02 /* UpdateNicknameView.swift in Sources */,
			);
			runOnlyForDeploymentPostprocessing = 0;
		};
/* End PBXSourcesBuildPhase section */

/* Begin XCBuildConfiguration section */
		18AFBA2828EA90BB006F9E02 /* Debug */ = {
			isa = XCBuildConfiguration;
			buildSettings = {
				ALWAYS_SEARCH_USER_PATHS = NO;
				CLANG_ANALYZER_NONNULL = YES;
				CLANG_ANALYZER_NUMBER_OBJECT_CONVERSION = YES_AGGRESSIVE;
				CLANG_CXX_LANGUAGE_STANDARD = "gnu++17";
				CLANG_ENABLE_MODULES = YES;
				CLANG_ENABLE_OBJC_ARC = YES;
				CLANG_ENABLE_OBJC_WEAK = YES;
				CLANG_WARN_BLOCK_CAPTURE_AUTORELEASING = YES;
				CLANG_WARN_BOOL_CONVERSION = YES;
				CLANG_WARN_COMMA = YES;
				CLANG_WARN_CONSTANT_CONVERSION = YES;
				CLANG_WARN_DEPRECATED_OBJC_IMPLEMENTATIONS = YES;
				CLANG_WARN_DIRECT_OBJC_ISA_USAGE = YES_ERROR;
				CLANG_WARN_DOCUMENTATION_COMMENTS = YES;
				CLANG_WARN_EMPTY_BODY = YES;
				CLANG_WARN_ENUM_CONVERSION = YES;
				CLANG_WARN_INFINITE_RECURSION = YES;
				CLANG_WARN_INT_CONVERSION = YES;
				CLANG_WARN_NON_LITERAL_NULL_CONVERSION = YES;
				CLANG_WARN_OBJC_IMPLICIT_RETAIN_SELF = YES;
				CLANG_WARN_OBJC_LITERAL_CONVERSION = YES;
				CLANG_WARN_OBJC_ROOT_CLASS = YES_ERROR;
				CLANG_WARN_QUOTED_INCLUDE_IN_FRAMEWORK_HEADER = YES;
				CLANG_WARN_RANGE_LOOP_ANALYSIS = YES;
				CLANG_WARN_STRICT_PROTOTYPES = YES;
				CLANG_WARN_SUSPICIOUS_MOVE = YES;
				CLANG_WARN_UNGUARDED_AVAILABILITY = YES_AGGRESSIVE;
				CLANG_WARN_UNREACHABLE_CODE = YES;
				CLANG_WARN__DUPLICATE_METHOD_MATCH = YES;
				COPY_PHASE_STRIP = NO;
				DEBUG_INFORMATION_FORMAT = dwarf;
				ENABLE_STRICT_OBJC_MSGSEND = YES;
				ENABLE_TESTABILITY = YES;
				GCC_C_LANGUAGE_STANDARD = gnu11;
				GCC_DYNAMIC_NO_PIC = NO;
				GCC_NO_COMMON_BLOCKS = YES;
				GCC_OPTIMIZATION_LEVEL = 0;
				GCC_PREPROCESSOR_DEFINITIONS = (
					"DEBUG=1",
					"$(inherited)",
				);
				GCC_WARN_64_TO_32_BIT_CONVERSION = YES;
				GCC_WARN_ABOUT_RETURN_TYPE = YES_ERROR;
				GCC_WARN_UNDECLARED_SELECTOR = YES;
				GCC_WARN_UNINITIALIZED_AUTOS = YES_AGGRESSIVE;
				GCC_WARN_UNUSED_FUNCTION = YES;
				GCC_WARN_UNUSED_VARIABLE = YES;
				IPHONEOS_DEPLOYMENT_TARGET = 15.5;
				MTL_ENABLE_DEBUG_INFO = INCLUDE_SOURCE;
				MTL_FAST_MATH = YES;
				ONLY_ACTIVE_ARCH = YES;
				SDKROOT = iphoneos;
				SWIFT_ACTIVE_COMPILATION_CONDITIONS = DEBUG;
				SWIFT_OPTIMIZATION_LEVEL = "-Onone";
			};
			name = Debug;
		};
		18AFBA2928EA90BB006F9E02 /* Release */ = {
			isa = XCBuildConfiguration;
			buildSettings = {
				ALWAYS_SEARCH_USER_PATHS = NO;
				CLANG_ANALYZER_NONNULL = YES;
				CLANG_ANALYZER_NUMBER_OBJECT_CONVERSION = YES_AGGRESSIVE;
				CLANG_CXX_LANGUAGE_STANDARD = "gnu++17";
				CLANG_ENABLE_MODULES = YES;
				CLANG_ENABLE_OBJC_ARC = YES;
				CLANG_ENABLE_OBJC_WEAK = YES;
				CLANG_WARN_BLOCK_CAPTURE_AUTORELEASING = YES;
				CLANG_WARN_BOOL_CONVERSION = YES;
				CLANG_WARN_COMMA = YES;
				CLANG_WARN_CONSTANT_CONVERSION = YES;
				CLANG_WARN_DEPRECATED_OBJC_IMPLEMENTATIONS = YES;
				CLANG_WARN_DIRECT_OBJC_ISA_USAGE = YES_ERROR;
				CLANG_WARN_DOCUMENTATION_COMMENTS = YES;
				CLANG_WARN_EMPTY_BODY = YES;
				CLANG_WARN_ENUM_CONVERSION = YES;
				CLANG_WARN_INFINITE_RECURSION = YES;
				CLANG_WARN_INT_CONVERSION = YES;
				CLANG_WARN_NON_LITERAL_NULL_CONVERSION = YES;
				CLANG_WARN_OBJC_IMPLICIT_RETAIN_SELF = YES;
				CLANG_WARN_OBJC_LITERAL_CONVERSION = YES;
				CLANG_WARN_OBJC_ROOT_CLASS = YES_ERROR;
				CLANG_WARN_QUOTED_INCLUDE_IN_FRAMEWORK_HEADER = YES;
				CLANG_WARN_RANGE_LOOP_ANALYSIS = YES;
				CLANG_WARN_STRICT_PROTOTYPES = YES;
				CLANG_WARN_SUSPICIOUS_MOVE = YES;
				CLANG_WARN_UNGUARDED_AVAILABILITY = YES_AGGRESSIVE;
				CLANG_WARN_UNREACHABLE_CODE = YES;
				CLANG_WARN__DUPLICATE_METHOD_MATCH = YES;
				COPY_PHASE_STRIP = NO;
				DEBUG_INFORMATION_FORMAT = "dwarf-with-dsym";
				ENABLE_NS_ASSERTIONS = NO;
				ENABLE_STRICT_OBJC_MSGSEND = YES;
				GCC_C_LANGUAGE_STANDARD = gnu11;
				GCC_NO_COMMON_BLOCKS = YES;
				GCC_WARN_64_TO_32_BIT_CONVERSION = YES;
				GCC_WARN_ABOUT_RETURN_TYPE = YES_ERROR;
				GCC_WARN_UNDECLARED_SELECTOR = YES;
				GCC_WARN_UNINITIALIZED_AUTOS = YES_AGGRESSIVE;
				GCC_WARN_UNUSED_FUNCTION = YES;
				GCC_WARN_UNUSED_VARIABLE = YES;
				IPHONEOS_DEPLOYMENT_TARGET = 15.5;
				MTL_ENABLE_DEBUG_INFO = NO;
				MTL_FAST_MATH = YES;
				SDKROOT = iphoneos;
				SWIFT_COMPILATION_MODE = wholemodule;
				SWIFT_OPTIMIZATION_LEVEL = "-O";
				VALIDATE_PRODUCT = YES;
			};
			name = Release;
		};
		18AFBA2B28EA90BB006F9E02 /* Debug */ = {
			isa = XCBuildConfiguration;
			buildSettings = {
				ASSETCATALOG_COMPILER_APPICON_NAME = AppIcon;
				ASSETCATALOG_COMPILER_GLOBAL_ACCENT_COLOR_NAME = AccentColor;
				CODE_SIGN_ENTITLEMENTS = YZBox/YZBox.entitlements;
				CODE_SIGN_STYLE = Automatic;
				CURRENT_PROJECT_VERSION = 1;
				DEVELOPMENT_ASSET_PATHS = "\"YZBox/Preview Content\"";
				DEVELOPMENT_TEAM = VXLMFFGK4Q;
				ENABLE_PREVIEWS = YES;
				GENERATE_INFOPLIST_FILE = YES;
				INFOPLIST_KEY_UIApplicationSceneManifest_Generation = YES;
				INFOPLIST_KEY_UIApplicationSupportsIndirectInputEvents = YES;
				INFOPLIST_KEY_UILaunchScreen_Generation = YES;
				INFOPLIST_KEY_UISupportedInterfaceOrientations_iPad = "UIInterfaceOrientationPortrait UIInterfaceOrientationPortraitUpsideDown UIInterfaceOrientationLandscapeLeft UIInterfaceOrientationLandscapeRight";
				INFOPLIST_KEY_UISupportedInterfaceOrientations_iPhone = "UIInterfaceOrientationPortrait UIInterfaceOrientationLandscapeLeft UIInterfaceOrientationLandscapeRight";
				LD_RUNPATH_SEARCH_PATHS = (
					"$(inherited)",
					"@executable_path/Frameworks",
				);
				MARKETING_VERSION = 1.0;
				PRODUCT_BUNDLE_IDENTIFIER = com.asadj.YZBox;
				PRODUCT_NAME = "$(TARGET_NAME)";
				SWIFT_EMIT_LOC_STRINGS = YES;
				SWIFT_VERSION = 5.0;
				TARGETED_DEVICE_FAMILY = "1,2";
			};
			name = Debug;
		};
		18AFBA2C28EA90BB006F9E02 /* Release */ = {
			isa = XCBuildConfiguration;
			buildSettings = {
				ASSETCATALOG_COMPILER_APPICON_NAME = AppIcon;
				ASSETCATALOG_COMPILER_GLOBAL_ACCENT_COLOR_NAME = AccentColor;
				CODE_SIGN_ENTITLEMENTS = YZBox/YZBox.entitlements;
				CODE_SIGN_STYLE = Automatic;
				CURRENT_PROJECT_VERSION = 1;
				DEVELOPMENT_ASSET_PATHS = "\"YZBox/Preview Content\"";
				DEVELOPMENT_TEAM = VXLMFFGK4Q;
				ENABLE_PREVIEWS = YES;
				GENERATE_INFOPLIST_FILE = YES;
				INFOPLIST_KEY_UIApplicationSceneManifest_Generation = YES;
				INFOPLIST_KEY_UIApplicationSupportsIndirectInputEvents = YES;
				INFOPLIST_KEY_UILaunchScreen_Generation = YES;
				INFOPLIST_KEY_UISupportedInterfaceOrientations_iPad = "UIInterfaceOrientationPortrait UIInterfaceOrientationPortraitUpsideDown UIInterfaceOrientationLandscapeLeft UIInterfaceOrientationLandscapeRight";
				INFOPLIST_KEY_UISupportedInterfaceOrientations_iPhone = "UIInterfaceOrientationPortrait UIInterfaceOrientationLandscapeLeft UIInterfaceOrientationLandscapeRight";
				LD_RUNPATH_SEARCH_PATHS = (
					"$(inherited)",
					"@executable_path/Frameworks",
				);
				MARKETING_VERSION = 1.0;
				PRODUCT_BUNDLE_IDENTIFIER = com.asadj.YZBox;
				PRODUCT_NAME = "$(TARGET_NAME)";
				SWIFT_EMIT_LOC_STRINGS = YES;
				SWIFT_VERSION = 5.0;
				TARGETED_DEVICE_FAMILY = "1,2";
			};
			name = Release;
		};
/* End XCBuildConfiguration section */

/* Begin XCConfigurationList section */
		18AFBA1228EA90B8006F9E02 /* Build configuration list for PBXProject "YZBox" */ = {
			isa = XCConfigurationList;
			buildConfigurations = (
				18AFBA2828EA90BB006F9E02 /* Debug */,
				18AFBA2928EA90BB006F9E02 /* Release */,
			);
			defaultConfigurationIsVisible = 0;
			defaultConfigurationName = Release;
		};
		18AFBA2A28EA90BB006F9E02 /* Build configuration list for PBXNativeTarget "YZBox" */ = {
			isa = XCConfigurationList;
			buildConfigurations = (
				18AFBA2B28EA90BB006F9E02 /* Debug */,
				18AFBA2C28EA90BB006F9E02 /* Release */,
			);
			defaultConfigurationIsVisible = 0;
			defaultConfigurationName = Release;
		};
/* End XCConfigurationList section */

/* Begin XCVersionGroup section */
		18AFBA2528EA90BB006F9E02 /* YZBox.xcdatamodeld */ = {
			isa = XCVersionGroup;
			children = (
				18AFBA2628EA90BB006F9E02 /* YZBox.xcdatamodel */,
			);
			currentVersion = 18AFBA2628EA90BB006F9E02 /* YZBox.xcdatamodel */;
			path = YZBox.xcdatamodeld;
			sourceTree = "<group>";
			versionGroupType = wrapper.xcdatamodel;
		};
/* End XCVersionGroup section */
	};
	rootObject = 18AFBA0F28EA90B8006F9E02 /* Project object */;
}
